
Microsoft Visual Studio Solution File, Format Version 12.00
# Visual Studio Version 17
VisualStudioVersion = 17.13.35806.99
MinimumVisualStudioVersion = 10.0.40219.1
Project("{FAE04EC0-301F-11D3-BF4B-00C04F79EFBC}") = "HRMapp", "HRMapp\HRMapp.csproj", "{CB05A4FF-CCA0-419A-B0CB-00073708E62E}"
EndProject
Project("{FAE04EC0-301F-11D3-BF4B-00C04F79EFBC}") = "HRMapp.DbMigrator", "Console\HRMapp.DbMigrator\HRMapp.DbMigrator.csproj", "{886E5D97-450B-4F4A-AC77-4B2F26AA43D2}"
EndProject
Project("{FAE04EC0-301F-11D3-BF4B-00C04F79EFBC}") = "HRMapp.Data", "HRMapp.Data\HRMapp.Data.csproj", "{F1077231-D874-4F1F-ACA0-745EDC2A99A9}"
EndProject
Global
	GlobalSection(SolutionConfigurationPlatforms) = preSolution
		Debug|Any CPU = Debug|Any CPU
		Release|Any CPU = Release|Any CPU
	EndGlobalSection
	GlobalSection(ProjectConfigurationPlatforms) = postSolution
		{CB05A4FF-CCA0-419A-B0CB-00073708E62E}.Debug|Any CPU.ActiveCfg = Debug|Any CPU
		{CB05A4FF-CCA0-419A-B0CB-00073708E62E}.Debug|Any CPU.Build.0 = Debug|Any CPU
		{CB05A4FF-CCA0-419A-B0CB-00073708E62E}.Debug|Any CPU.Deploy.0 = Debug|Any CPU
		{CB05A4FF-CCA0-419A-B0CB-00073708E62E}.Release|Any CPU.ActiveCfg = Release|Any CPU
		{CB05A4FF-CCA0-419A-B0CB-00073708E62E}.Release|Any CPU.Build.0 = Release|Any CPU
		{886E5D97-450B-4F4A-AC77-4B2F26AA43D2}.Debug|Any CPU.ActiveCfg = Debug|Any CPU
		{886E5D97-450B-4F4A-AC77-4B2F26AA43D2}.Debug|Any CPU.Build.0 = Debug|Any CPU
		{886E5D97-450B-4F4A-AC77-4B2F26AA43D2}.Release|Any CPU.ActiveCfg = Release|Any CPU
		{886E5D97-450B-4F4A-AC77-4B2F26AA43D2}.Release|Any CPU.Build.0 = Release|Any CPU
		{F1077231-D874-4F1F-ACA0-745EDC2A99A9}.Debug|Any CPU.ActiveCfg = Debug|Any CPU
		{F1077231-D874-4F1F-ACA0-745EDC2A99A9}.Debug|Any CPU.Build.0 = Debug|Any CPU
		{F1077231-D874-4F1F-ACA0-745EDC2A99A9}.Release|Any CPU.ActiveCfg = Release|Any CPU
		{F1077231-D874-4F1F-ACA0-745EDC2A99A9}.Release|Any CPU.Build.0 = Release|Any CPU
	EndGlobalSection
	GlobalSection(SolutionProperties) = preSolution
		HideSolutionNode = FALSE
	EndGlobalSection
	GlobalSection(ExtensibilityGlobals) = postSolution
		SolutionGuid = {3EF4368D-FE94-42BF-B0FF-766C0D6B7AA4}
	EndGlobalSection
EndGlobal
